
Microsoft Visual Studio Solution File, Format Version 12.00
# Visual Studio 15
VisualStudioVersion = 15.0.28307.572
MinimumVisualStudioVersion = 10.0.40219.1
Project("{FAE04EC0-301F-11D3-BF4B-00C04F79EFBC}") = "UserStorageApp", "UserStorageApp\UserStorageApp.csproj", "{0171A493-7DA7-4885-B91F-FBF3B3C65E28}"
EndProject
Project("{FAE04EC0-301F-11D3-BF4B-00C04F79EFBC}") = "UserStoradge.Models", "UserStoradge.Models\UserStoradge.Models.csproj", "{9B062E7E-8F65-4F7E-BEFF-25568208E4AB}"
EndProject
Project("{FAE04EC0-301F-11D3-BF4B-00C04F79EFBC}") = "UserStoradge.DataAccess", "UserStoradge.DataAccess\UserStoradge.DataAccess.csproj", "{83C44B08-3573-4918-BDD3-B2B21FDA35D7}"
EndProject
Global
	GlobalSection(SolutionConfigurationPlatforms) = preSolution
		Debug|Any CPU = Debug|Any CPU
		Release|Any CPU = Release|Any CPU
	EndGlobalSection
	GlobalSection(ProjectConfigurationPlatforms) = postSolution
		{0171A493-7DA7-4885-B91F-FBF3B3C65E28}.Debug|Any CPU.ActiveCfg = Debug|Any CPU
		{0171A493-7DA7-4885-B91F-FBF3B3C65E28}.Debug|Any CPU.Build.0 = Debug|Any CPU
		{0171A493-7DA7-4885-B91F-FBF3B3C65E28}.Release|Any CPU.ActiveCfg = Release|Any CPU
		{0171A493-7DA7-4885-B91F-FBF3B3C65E28}.Release|Any CPU.Build.0 = Release|Any CPU
		{9B062E7E-8F65-4F7E-BEFF-25568208E4AB}.Debug|Any CPU.ActiveCfg = Debug|Any CPU
		{9B062E7E-8F65-4F7E-BEFF-25568208E4AB}.Debug|Any CPU.Build.0 = Debug|Any CPU
		{9B062E7E-8F65-4F7E-BEFF-25568208E4AB}.Release|Any CPU.ActiveCfg = Release|Any CPU
		{9B062E7E-8F65-4F7E-BEFF-25568208E4AB}.Release|Any CPU.Build.0 = Release|Any CPU
		{83C44B08-3573-4918-BDD3-B2B21FDA35D7}.Debug|Any CPU.ActiveCfg = Debug|Any CPU
		{83C44B08-3573-4918-BDD3-B2B21FDA35D7}.Debug|Any CPU.Build.0 = Debug|Any CPU
		{83C44B08-3573-4918-BDD3-B2B21FDA35D7}.Release|Any CPU.ActiveCfg = Release|Any CPU
		{83C44B08-3573-4918-BDD3-B2B21FDA35D7}.Release|Any CPU.Build.0 = Release|Any CPU
	EndGlobalSection
	GlobalSection(SolutionProperties) = preSolution
		HideSolutionNode = FALSE
	EndGlobalSection
	GlobalSection(ExtensibilityGlobals) = postSolution
		SolutionGuid = {F69A68EF-62F7-47BC-B9FD-00CAA8AA7147}
	EndGlobalSection
EndGlobal
